// !$*UTF8*$!
{
	archiveVersion = 1;
	classes = {
	};
	objectVersion = 51;
	objects = {

/* Begin PBXBuildFile section */
		269AE21325018E11004DE648 /* MovieCell.swift in Sources */ = {isa = PBXBuildFile; fileRef = 269AE21225018E11004DE648 /* MovieCell.swift */; };
		26A0BAF12507FA2E003953A3 /* MovieDetailsViewController.swift in Sources */ = {isa = PBXBuildFile; fileRef = 26A0BAF02507FA2E003953A3 /* MovieDetailsViewController.swift */; };
		26ACD99724FEF3130057FABA /* AppDelegate.swift in Sources */ = {isa = PBXBuildFile; fileRef = 26ACD99624FEF3130057FABA /* AppDelegate.swift */; };
		26ACD99924FEF3130057FABA /* SceneDelegate.swift in Sources */ = {isa = PBXBuildFile; fileRef = 26ACD99824FEF3130057FABA /* SceneDelegate.swift */; };
		26ACD99E24FEF3130057FABA /* Main.storyboard in Resources */ = {isa = PBXBuildFile; fileRef = 26ACD99C24FEF3130057FABA /* Main.storyboard */; };
		26ACD9A024FEF3190057FABA /* Assets.xcassets in Resources */ = {isa = PBXBuildFile; fileRef = 26ACD99F24FEF3190057FABA /* Assets.xcassets */; };
		26ACD9A324FEF3190057FABA /* LaunchScreen.storyboard in Resources */ = {isa = PBXBuildFile; fileRef = 26ACD9A124FEF3190057FABA /* LaunchScreen.storyboard */; };
		26ACD9AB24FEF7400057FABA /* MoviesViewController.swift in Sources */ = {isa = PBXBuildFile; fileRef = 26ACD9AA24FEF7400057FABA /* MoviesViewController.swift */; };
		26F341B0250B014A001E55C4 /* MovieGridViewController.swift in Sources */ = {isa = PBXBuildFile; fileRef = 26F341AF250B014A001E55C4 /* MovieGridViewController.swift */; };
		26F341B2250B0BA9001E55C4 /* MovieGridCell.swift in Sources */ = {isa = PBXBuildFile; fileRef = 26F341B1250B0BA9001E55C4 /* MovieGridCell.swift */; };
		A32A7409543E975BC1357388 /* Pods_FlixApp.framework in Frameworks */ = {isa = PBXBuildFile; fileRef = D872C01E4E67CD582ED47AAC /* Pods_FlixApp.framework */; };
/* End PBXBuildFile section */

/* Begin PBXFileReference section */
		269AE21225018E11004DE648 /* MovieCell.swift */ = {isa = PBXFileReference; lastKnownFileType = sourcecode.swift; path = MovieCell.swift; sourceTree = "<group>"; };
		26A0BAF02507FA2E003953A3 /* MovieDetailsViewController.swift */ = {isa = PBXFileReference; lastKnownFileType = sourcecode.swift; path = MovieDetailsViewController.swift; sourceTree = "<group>"; };
		26ACD99324FEF3130057FABA /* FlixApp.app */ = {isa = PBXFileReference; explicitFileType = wrapper.application; includeInIndex = 0; path = FlixApp.app; sourceTree = BUILT_PRODUCTS_DIR; };
		26ACD99624FEF3130057FABA /* AppDelegate.swift */ = {isa = PBXFileReference; lastKnownFileType = sourcecode.swift; path = AppDelegate.swift; sourceTree = "<group>"; };
		26ACD99824FEF3130057FABA /* SceneDelegate.swift */ = {isa = PBXFileReference; lastKnownFileType = sourcecode.swift; path = SceneDelegate.swift; sourceTree = "<group>"; };
		26ACD99D24FEF3130057FABA /* Base */ = {isa = PBXFileReference; lastKnownFileType = file.storyboard; name = Base; path = Base.lproj/Main.storyboard; sourceTree = "<group>"; };
		26ACD99F24FEF3190057FABA /* Assets.xcassets */ = {isa = PBXFileReference; lastKnownFileType = folder.assetcatalog; path = Assets.xcassets; sourceTree = "<group>"; };
		26ACD9A224FEF3190057FABA /* Base */ = {isa = PBXFileReference; lastKnownFileType = file.storyboard; name = Base; path = Base.lproj/LaunchScreen.storyboard; sourceTree = "<group>"; };
		26ACD9A424FEF3190057FABA /* Info.plist */ = {isa = PBXFileReference; lastKnownFileType = text.plist.xml; path = Info.plist; sourceTree = "<group>"; };
		26ACD9AA24FEF7400057FABA /* MoviesViewController.swift */ = {isa = PBXFileReference; lastKnownFileType = sourcecode.swift; path = MoviesViewController.swift; sourceTree = "<group>"; };
		26F341AF250B014A001E55C4 /* MovieGridViewController.swift */ = {isa = PBXFileReference; lastKnownFileType = sourcecode.swift; path = MovieGridViewController.swift; sourceTree = "<group>"; };
		26F341B1250B0BA9001E55C4 /* MovieGridCell.swift */ = {isa = PBXFileReference; lastKnownFileType = sourcecode.swift; path = MovieGridCell.swift; sourceTree = "<group>"; };
		AB69AFD6463DC4821BDB4C0B /* Pods-FlixApp.release.xcconfig */ = {isa = PBXFileReference; includeInIndex = 1; lastKnownFileType = text.xcconfig; name = "Pods-FlixApp.release.xcconfig"; path = "Target Support Files/Pods-FlixApp/Pods-FlixApp.release.xcconfig"; sourceTree = "<group>"; };
		D872C01E4E67CD582ED47AAC /* Pods_FlixApp.framework */ = {isa = PBXFileReference; explicitFileType = wrapper.framework; includeInIndex = 0; path = Pods_FlixApp.framework; sourceTree = BUILT_PRODUCTS_DIR; };
		DD4BE104EE8126736A177B45 /* Pods-FlixApp.debug.xcconfig */ = {isa = PBXFileReference; includeInIndex = 1; lastKnownFileType = text.xcconfig; name = "Pods-FlixApp.debug.xcconfig"; path = "Target Support Files/Pods-FlixApp/Pods-FlixApp.debug.xcconfig"; sourceTree = "<group>"; };
/* End PBXFileReference section */

/* Begin PBXFrameworksBuildPhase section */
		26ACD99024FEF3130057FABA /* Frameworks */ = {
			isa = PBXFrameworksBuildPhase;
			buildActionMask = 2147483647;
			files = (
				A32A7409543E975BC1357388 /* Pods_FlixApp.framework in Frameworks */,
			);
			runOnlyForDeploymentPostprocessing = 0;
		};
/* End PBXFrameworksBuildPhase section */

/* Begin PBXGroup section */
		26ACD98A24FEF3130057FABA = {
			isa = PBXGroup;
			children = (
				26ACD99524FEF3130057FABA /* FlixApp */,
				26ACD99424FEF3130057FABA /* Products */,
				4503C23B59BF9A6ADA534484 /* Pods */,
				819C3982CE501AC5065C2AFD /* Frameworks */,
			);
			sourceTree = "<group>";
		};
		26ACD99424FEF3130057FABA /* Products */ = {
			isa = PBXGroup;
			children = (
				26ACD99324FEF3130057FABA /* FlixApp.app */,
			);
			name = Products;
			sourceTree = "<group>";
		};
		26ACD99524FEF3130057FABA /* FlixApp */ = {
			isa = PBXGroup;
			children = (
				26ACD99624FEF3130057FABA /* AppDelegate.swift */,
				26ACD99824FEF3130057FABA /* SceneDelegate.swift */,
				26ACD99C24FEF3130057FABA /* Main.storyboard */,
				26A0BAF02507FA2E003953A3 /* MovieDetailsViewController.swift */,
				26ACD99F24FEF3190057FABA /* Assets.xcassets */,
				26ACD9A124FEF3190057FABA /* LaunchScreen.storyboard */,
				26ACD9A424FEF3190057FABA /* Info.plist */,
				26ACD9AA24FEF7400057FABA /* MoviesViewController.swift */,
				269AE21225018E11004DE648 /* MovieCell.swift */,
				26F341AF250B014A001E55C4 /* MovieGridViewController.swift */,
				26F341B1250B0BA9001E55C4 /* MovieGridCell.swift */,
			);
			path = FlixApp;
			sourceTree = "<group>";
		};
		4503C23B59BF9A6ADA534484 /* Pods */ = {
			isa = PBXGroup;
			children = (
				DD4BE104EE8126736A177B45 /* Pods-FlixApp.debug.xcconfig */,
				AB69AFD6463DC4821BDB4C0B /* Pods-FlixApp.release.xcconfig */,
			);
			path = Pods;
			sourceTree = "<group>";
		};
		819C3982CE501AC5065C2AFD /* Frameworks */ = {
			isa = PBXGroup;
			children = (
				D872C01E4E67CD582ED47AAC /* Pods_FlixApp.framework */,
			);
			name = Frameworks;
			sourceTree = "<group>";
		};
/* End PBXGroup section */

/* Begin PBXNativeTarget section */
		26ACD99224FEF3130057FABA /* FlixApp */ = {
			isa = PBXNativeTarget;
			buildConfigurationList = 26ACD9A724FEF3190057FABA /* Build configuration list for PBXNativeTarget "FlixApp" */;
			buildPhases = (
				4A565B76DCEEAAE3AEC00A66 /* [CP] Check Pods Manifest.lock */,
				26ACD98F24FEF3130057FABA /* Sources */,
				26ACD99024FEF3130057FABA /* Frameworks */,
				26ACD99124FEF3130057FABA /* Resources */,
				E948CCEDFC88305EACAF7AE9 /* [CP] Embed Pods Frameworks */,
			);
			buildRules = (
			);
			dependencies = (
			);
			name = FlixApp;
			productName = FlixApp;
			productReference = 26ACD99324FEF3130057FABA /* FlixApp.app */;
			productType = "com.apple.product-type.application";
		};
/* End PBXNativeTarget section */

/* Begin PBXProject section */
		26ACD98B24FEF3130057FABA /* Project object */ = {
			isa = PBXProject;
			attributes = {
				LastSwiftUpdateCheck = 1160;
				LastUpgradeCheck = 1160;
				ORGANIZATIONNAME = "Steven Liu";
				TargetAttributes = {
					26ACD99224FEF3130057FABA = {
						CreatedOnToolsVersion = 11.6;
					};
				};
			};
			buildConfigurationList = 26ACD98E24FEF3130057FABA /* Build configuration list for PBXProject "FlixApp" */;
			compatibilityVersion = "Xcode 9.3";
			developmentRegion = en;
			hasScannedForEncodings = 0;
			knownRegions = (
				en,
				Base,
			);
			mainGroup = 26ACD98A24FEF3130057FABA;
			productRefGroup = 26ACD99424FEF3130057FABA /* Products */;
			projectDirPath = "";
			projectRoot = "";
			targets = (
				26ACD99224FEF3130057FABA /* FlixApp */,
			);
		};
/* End PBXProject section */

/* Begin PBXResourcesBuildPhase section */
		26ACD99124FEF3130057FABA /* Resources */ = {
			isa = PBXResourcesBuildPhase;
			buildActionMask = 2147483647;
			files = (
				26ACD9A324FEF3190057FABA /* LaunchScreen.storyboard in Resources */,
				26ACD9A024FEF3190057FABA /* Assets.xcassets in Resources */,
				26ACD99E24FEF3130057FABA /* Main.storyboard in Resources */,
			);
			runOnlyForDeploymentPostprocessing = 0;
		};
/* End PBXResourcesBuildPhase section */

/* Begin PBXShellScriptBuildPhase section */
		4A565B76DCEEAAE3AEC00A66 /* [CP] Check Pods Manifest.lock */ = {
			isa = PBXShellScriptBuildPhase;
			buildActionMask = 2147483647;
			files = (
			);
			inputFileListPaths = (
			);
			inputPaths = (
				"${PODS_PODFILE_DIR_PATH}/Podfile.lock",
				"${PODS_ROOT}/Manifest.lock",
			);
			name = "[CP] Check Pods Manifest.lock";
			outputFileListPaths = (
			);
			outputPaths = (
				"$(DERIVED_FILE_DIR)/Pods-FlixApp-checkManifestLockResult.txt",
			);
			runOnlyForDeploymentPostprocessing = 0;
			shellPath = /bin/sh;
			shellScript = "diff \"${PODS_PODFILE_DIR_PATH}/Podfile.lock\" \"${PODS_ROOT}/Manifest.lock\" > /dev/null\nif [ $? != 0 ] ; then\n    # print error to STDERR\n    echo \"error: The sandbox is not in sync with the Podfile.lock. Run 'pod install' or update your CocoaPods installation.\" >&2\n    exit 1\nfi\n# This output is used by Xcode 'outputs' to avoid re-running this script phase.\necho \"SUCCESS\" > \"${SCRIPT_OUTPUT_FILE_0}\"\n";
			showEnvVarsInLog = 0;
		};
		E948CCEDFC88305EACAF7AE9 /* [CP] Embed Pods Frameworks */ = {
			isa = PBXShellScriptBuildPhase;
			buildActionMask = 2147483647;
			files = (
			);
			inputFileListPaths = (
				"${PODS_ROOT}/Target Support Files/Pods-FlixApp/Pods-FlixApp-frameworks-${CONFIGURATION}-input-files.xcfilelist",
			);
			name = "[CP] Embed Pods Frameworks";
			outputFileListPaths = (
				"${PODS_ROOT}/Target Support Files/Pods-FlixApp/Pods-FlixApp-frameworks-${CONFIGURATION}-output-files.xcfilelist",
			);
			runOnlyForDeploymentPostprocessing = 0;
			shellPath = /bin/sh;
			shellScript = "\"${PODS_ROOT}/Target Support Files/Pods-FlixApp/Pods-FlixApp-frameworks.sh\"\n";
			showEnvVarsInLog = 0;
		};
/* End PBXShellScriptBuildPhase section */

/* Begin PBXSourcesBuildPhase section */
		26ACD98F24FEF3130057FABA /* Sources */ = {
			isa = PBXSourcesBuildPhase;
			buildActionMask = 2147483647;
			files = (
				26A0BAF12507FA2E003953A3 /* MovieDetailsViewController.swift in Sources */,
				26ACD99724FEF3130057FABA /* AppDelegate.swift in Sources */,
				26ACD99924FEF3130057FABA /* SceneDelegate.swift in Sources */,
				269AE21325018E11004DE648 /* MovieCell.swift in Sources */,
				26ACD9AB24FEF7400057FABA /* MoviesViewController.swift in Sources */,
				26F341B0250B014A001E55C4 /* MovieGridViewController.swift in Sources */,
				26F341B2250B0BA9001E55C4 /* MovieGridCell.swift in Sources */,
			);
			runOnlyForDeploymentPostprocessing = 0;
		};
/* End PBXSourcesBuildPhase section */

/* Begin PBXVariantGroup section */
		26ACD99C24FEF3130057FABA /* Main.storyboard */ = {
			isa = PBXVariantGroup;
			children = (
				26ACD99D24FEF3130057FABA /* Base */,
			);
			name = Main.storyboard;
			sourceTree = "<group>";
		};
		26ACD9A124FEF3190057FABA /* LaunchScreen.storyboard */ = {
			isa = PBXVariantGroup;
			children = (
				26ACD9A224FEF3190057FABA /* Base */,
			);
			name = LaunchScreen.storyboard;
			sourceTree = "<group>";
		};
/* End PBXVariantGroup section */

/* Begin XCBuildConfiguration section */
		26ACD9A524FEF3190057FABA /* Debug */ = {
			isa = XCBuildConfiguration;
			buildSettings = {
				ALWAYS_SEARCH_USER_PATHS = NO;
				CLANG_ANALYZER_NONNULL = YES;
				CLANG_ANALYZER_NUMBER_OBJECT_CONVERSION = YES_AGGRESSIVE;
				CLANG_CXX_LANGUAGE_STANDARD = "gnu++14";
				CLANG_CXX_LIBRARY = "libc++";
				CLANG_ENABLE_MODULES = YES;
				CLANG_ENABLE_OBJC_ARC = YES;
				CLANG_ENABLE_OBJC_WEAK = YES;
				CLANG_WARN_BLOCK_CAPTURE_AUTORELEASING = YES;
				CLANG_WARN_BOOL_CONVERSION = YES;
				CLANG_WARN_COMMA = YES;
				CLANG_WARN_CONSTANT_CONVERSION = YES;
				CLANG_WARN_DEPRECATED_OBJC_IMPLEMENTATIONS = YES;
				CLANG_WARN_DIRECT_OBJC_ISA_USAGE = YES_ERROR;
				CLANG_WARN_DOCUMENTATION_COMMENTS = YES;
				CLANG_WARN_EMPTY_BODY = YES;
				CLANG_WARN_ENUM_CONVERSION = YES;
				CLANG_WARN_INFINITE_RECURSION = YES;
				CLANG_WARN_INT_CONVERSION = YES;
				CLANG_WARN_NON_LITERAL_NULL_CONVERSION = YES;
				CLANG_WARN_OBJC_IMPLICIT_RETAIN_SELF = YES;
				CLANG_WARN_OBJC_LITERAL_CONVERSION = YES;
				CLANG_WARN_OBJC_ROOT_CLASS = YES_ERROR;
				CLANG_WARN_RANGE_LOOP_ANALYSIS = YES;
				CLANG_WARN_STRICT_PROTOTYPES = YES;
				CLANG_WARN_SUSPICIOUS_MOVE = YES;
				CLANG_WARN_UNGUARDED_AVAILABILITY = YES_AGGRESSIVE;
				CLANG_WARN_UNREACHABLE_CODE = YES;
				CLANG_WARN__DUPLICATE_METHOD_MATCH = YES;
				COPY_PHASE_STRIP = NO;
				DEBUG_INFORMATION_FORMAT = dwarf;
				ENABLE_STRICT_OBJC_MSGSEND = YES;
				ENABLE_TESTABILITY = YES;
				GCC_C_LANGUAGE_STANDARD = gnu11;
				GCC_DYNAMIC_NO_PIC = NO;
				GCC_NO_COMMON_BLOCKS = YES;
				GCC_OPTIMIZATION_LEVEL = 0;
				GCC_PREPROCESSOR_DEFINITIONS = (
					"DEBUG=1",
					"$(inherited)",
				);
				GCC_WARN_64_TO_32_BIT_CONVERSION = YES;
				GCC_WARN_ABOUT_RETURN_TYPE = YES_ERROR;
				GCC_WARN_UNDECLARED_SELECTOR = YES;
				GCC_WARN_UNINITIALIZED_AUTOS = YES_AGGRESSIVE;
				GCC_WARN_UNUSED_FUNCTION = YES;
				GCC_WARN_UNUSED_VARIABLE = YES;
				IPHONEOS_DEPLOYMENT_TARGET = 13.6;
				MTL_ENABLE_DEBUG_INFO = INCLUDE_SOURCE;
				MTL_FAST_MATH = YES;
				ONLY_ACTIVE_ARCH = YES;
				SDKROOT = iphoneos;
				SWIFT_ACTIVE_COMPILATION_CONDITIONS = DEBUG;
				SWIFT_OPTIMIZATION_LEVEL = "-Onone";
			};
			name = Debug;
		};
		26ACD9A624FEF3190057FABA /* Release */ = {
			isa = XCBuildConfiguration;
			buildSettings = {
				ALWAYS_SEARCH_USER_PATHS = NO;
				CLANG_ANALYZER_NONNULL = YES;
				CLANG_ANALYZER_NUMBER_OBJECT_CONVERSION = YES_AGGRESSIVE;
				CLANG_CXX_LANGUAGE_STANDARD = "gnu++14";
				CLANG_CXX_LIBRARY = "libc++";
				CLANG_ENABLE_MODULES = YES;
				CLANG_ENABLE_OBJC_ARC = YES;
				CLANG_ENABLE_OBJC_WEAK = YES;
				CLANG_WARN_BLOCK_CAPTURE_AUTORELEASING = YES;
				CLANG_WARN_BOOL_CONVERSION = YES;
				CLANG_WARN_COMMA = YES;
				CLANG_WARN_CONSTANT_CONVERSION = YES;
				CLANG_WARN_DEPRECATED_OBJC_IMPLEMENTATIONS = YES;
				CLANG_WARN_DIRECT_OBJC_ISA_USAGE = YES_ERROR;
				CLANG_WARN_DOCUMENTATION_COMMENTS = YES;
				CLANG_WARN_EMPTY_BODY = YES;
				CLANG_WARN_ENUM_CONVERSION = YES;
				CLANG_WARN_INFINITE_RECURSION = YES;
				CLANG_WARN_INT_CONVERSION = YES;
				CLANG_WARN_NON_LITERAL_NULL_CONVERSION = YES;
				CLANG_WARN_OBJC_IMPLICIT_RETAIN_SELF = YES;
				CLANG_WARN_OBJC_LITERAL_CONVERSION = YES;
				CLANG_WARN_OBJC_ROOT_CLASS = YES_ERROR;
				CLANG_WARN_RANGE_LOOP_ANALYSIS = YES;
				CLANG_WARN_STRICT_PROTOTYPES = YES;
				CLANG_WARN_SUSPICIOUS_MOVE = YES;
				CLANG_WARN_UNGUARDED_AVAILABILITY = YES_AGGRESSIVE;
				CLANG_WARN_UNREACHABLE_CODE = YES;
				CLANG_WARN__DUPLICATE_METHOD_MATCH = YES;
				COPY_PHASE_STRIP = NO;
				DEBUG_INFORMATION_FORMAT = "dwarf-with-dsym";
				ENABLE_NS_ASSERTIONS = NO;
				ENABLE_STRICT_OBJC_MSGSEND = YES;
				GCC_C_LANGUAGE_STANDARD = gnu11;
				GCC_NO_COMMON_BLOCKS = YES;
				GCC_WARN_64_TO_32_BIT_CONVERSION = YES;
				GCC_WARN_ABOUT_RETURN_TYPE = YES_ERROR;
				GCC_WARN_UNDECLARED_SELECTOR = YES;
				GCC_WARN_UNINITIALIZED_AUTOS = YES_AGGRESSIVE;
				GCC_WARN_UNUSED_FUNCTION = YES;
				GCC_WARN_UNUSED_VARIABLE = YES;
				IPHONEOS_DEPLOYMENT_TARGET = 13.6;
				MTL_ENABLE_DEBUG_INFO = NO;
				MTL_FAST_MATH = YES;
				SDKROOT = iphoneos;
				SWIFT_COMPILATION_MODE = wholemodule;
				SWIFT_OPTIMIZATION_LEVEL = "-O";
				VALIDATE_PRODUCT = YES;
			};
			name = Release;
		};
		26ACD9A824FEF3190057FABA /* Debug */ = {
			isa = XCBuildConfiguration;
			baseConfigurationReference = DD4BE104EE8126736A177B45 /* Pods-FlixApp.debug.xcconfig */;
			buildSettings = {
				ASSETCATALOG_COMPILER_APPICON_NAME = AppIcon;
				CODE_SIGN_STYLE = Automatic;
				DEVELOPMENT_TEAM = 2S3M9AC9US;
				INFOPLIST_FILE = FlixApp/Info.plist;
				LD_RUNPATH_SEARCH_PATHS = (
					"$(inherited)",
					"@executable_path/Frameworks",
				);
				PRODUCT_BUNDLE_IDENTIFIER = FlixApp2;
				PRODUCT_NAME = "$(TARGET_NAME)";
				SWIFT_VERSION = 5.0;
				TARGETED_DEVICE_FAMILY = 1;
			};
			name = Debug;
		};
		26ACD9A924FEF3190057FABA /* Release */ = {
			isa = XCBuildConfiguration;
			baseConfigurationReference = AB69AFD6463DC4821BDB4C0B /* Pods-FlixApp.release.xcconfig */;
			buildSettings = {
				ASSETCATALOG_COMPILER_APPICON_NAME = AppIcon;
				CODE_SIGN_STYLE = Automatic;
				DEVELOPMENT_TEAM = 2S3M9AC9US;
				INFOPLIST_FILE = FlixApp/Info.plist;
				LD_RUNPATH_SEARCH_PATHS = (
					"$(inherited)",
					"@executable_path/Frameworks",
				);
				PRODUCT_BUNDLE_IDENTIFIER = FlixApp2;
				PRODUCT_NAME = "$(TARGET_NAME)";
				SWIFT_VERSION = 5.0;
				TARGETED_DEVICE_FAMILY = 1;
			};
			name = Release;
		};
/* End XCBuildConfiguration section */

/* Begin XCConfigurationList section */
		26ACD98E24FEF3130057FABA /* Build configuration list for PBXProject "FlixApp" */ = {
			isa = XCConfigurationList;
			buildConfigurations = (
				26ACD9A524FEF3190057FABA /* Debug */,
				26ACD9A624FEF3190057FABA /* Release */,
			);
			defaultConfigurationIsVisible = 0;
			defaultConfigurationName = Release;
		};
		26ACD9A724FEF3190057FABA /* Build configuration list for PBXNativeTarget "FlixApp" */ = {
			isa = XCConfigurationList;
			buildConfigurations = (
				26ACD9A824FEF3190057FABA /* Debug */,
				26ACD9A924FEF3190057FABA /* Release */,
			);
			defaultConfigurationIsVisible = 0;
			defaultConfigurationName = Release;
		};
/* End XCConfigurationList section */
	};
	rootObject = 26ACD98B24FEF3130057FABA /* Project object */;
}
